
Microsoft Visual Studio Solution File, Format Version 12.00
# Visual Studio Version 17
VisualStudioVersion = 17.9.34714.143
MinimumVisualStudioVersion = 10.0.40219.1
Project("{FAE04EC0-301F-11D3-BF4B-00C04F79EFBC}") = "localFlashlight", "localFlashlight\localFlashlight.csproj", "{1170DD0F-AA92-4F52-B072-435B0241AA79}"
EndProject
Global
	GlobalSection(SolutionConfigurationPlatforms) = preSolution
		Debug|Any CPU = Debug|Any CPU
		Release|Any CPU = Release|Any CPU
	EndGlobalSection
	GlobalSection(ProjectConfigurationPlatforms) = postSolution
		{1170DD0F-AA92-4F52-B072-435B0241AA79}.Debug|Any CPU.ActiveCfg = Debug|Any CPU
		{1170DD0F-AA92-4F52-B072-435B0241AA79}.Debug|Any CPU.Build.0 = Debug|Any CPU
		{1170DD0F-AA92-4F52-B072-435B0241AA79}.Release|Any CPU.ActiveCfg = Release|Any CPU
		{1170DD0F-AA92-4F52-B072-435B0241AA79}.Release|Any CPU.Build.0 = Release|Any CPU
	EndGlobalSection
	GlobalSection(SolutionProperties) = preSolution
		HideSolutionNode = FALSE
	EndGlobalSection
	GlobalSection(ExtensibilityGlobals) = postSolution
		SolutionGuid = {D3EB32D8-64B4-4A6A-90A7-28F5E6FAF806}
	EndGlobalSection
EndGlobal
